{
  "name": "solidity_proj",
  "version": "1.0.0",
  "lockfileVersion": 1,
  "requires": true,
  "dependencies": {
    "node": {
      "version": "12.22.7",
      "resolved": "https://registry.npmjs.org/node/-/node-12.22.7.tgz",
      "integrity": "sha512-09pmNzb4ORmN113t6iHcdSVW3nt909UNEYCTShPGCRpWGbX6C25YheZY4COK+jpBn3bZTLL+5aSn2nmItTUj0A==",
      "requires": {
        "node-bin-setup": "^1.0.0"
      }
    },
    "node-bin-setup": {
      "version": "1.0.6",
      "resolved": "https://registry.npmjs.org/node-bin-setup/-/node-bin-setup-1.0.6.tgz",
      "integrity": "sha512-uPIxXNis1CRbv1DwqAxkgBk5NFV3s7cMN/Gf556jSw6jBvV7ca4F9lRL/8cALcZecRibeqU+5dFYqFFmzv5a0Q=="
    }
  }
}
